// !$*UTF8*$!
{
	archiveVersion = 1;
	classes = {
	};
	objectVersion = 46;
	objects = {

/* Begin PBXBuildFile section */
		B76ABA8E1D99969100A6D951 /* AppDelegate.swift in Sources */ = {isa = PBXBuildFile; fileRef = B76ABA8D1D99969100A6D951 /* AppDelegate.swift */; };
		B76ABA901D99969100A6D951 /* ViewController.swift in Sources */ = {isa = PBXBuildFile; fileRef = B76ABA8F1D99969100A6D951 /* ViewController.swift */; };
		B76ABA931D99969100A6D951 /* Main.storyboard in Resources */ = {isa = PBXBuildFile; fileRef = B76ABA911D99969100A6D951 /* Main.storyboard */; };
		B76ABA951D99969100A6D951 /* Assets.xcassets in Resources */ = {isa = PBXBuildFile; fileRef = B76ABA941D99969100A6D951 /* Assets.xcassets */; };
		B76ABA981D99969100A6D951 /* LaunchScreen.storyboard in Resources */ = {isa = PBXBuildFile; fileRef = B76ABA961D99969100A6D951 /* LaunchScreen.storyboard */; };
		B76ABAA31D99969100A6D951 /* FirstAppTests.swift in Sources */ = {isa = PBXBuildFile; fileRef = B76ABAA21D99969100A6D951 /* FirstAppTests.swift */; };
		B76ABAAE1D99969100A6D951 /* FirstAppUITests.swift in Sources */ = {isa = PBXBuildFile; fileRef = B76ABAAD1D99969100A6D951 /* FirstAppUITests.swift */; };
/* End PBXBuildFile section */

/* Begin PBXContainerItemProxy section */
		B76ABA9F1D99969100A6D951 /* PBXContainerItemProxy */ = {
			isa = PBXContainerItemProxy;
			containerPortal = B76ABA821D99969100A6D951 /* Project object */;
			proxyType = 1;
			remoteGlobalIDString = B76ABA891D99969100A6D951;
			remoteInfo = FirstApp;
		};
		B76ABAAA1D99969100A6D951 /* PBXContainerItemProxy */ = {
			isa = PBXContainerItemProxy;
			containerPortal = B76ABA821D99969100A6D951 /* Project object */;
			proxyType = 1;
			remoteGlobalIDString = B76ABA891D99969100A6D951;
			remoteInfo = FirstApp;
		};
/* End PBXContainerItemProxy section */

/* Begin PBXFileReference section */
		B76ABA8A1D99969100A6D951 /* FirstApp.app */ = {isa = PBXFileReference; explicitFileType = wrapper.application; includeInIndex = 0; path = FirstApp.app; sourceTree = BUILT_PRODUCTS_DIR; };
		B76ABA8D1D99969100A6D951 /* AppDelegate.swift */ = {isa = PBXFileReference; lastKnownFileType = sourcecode.swift; path = AppDelegate.swift; sourceTree = "<group>"; };
		B76ABA8F1D99969100A6D951 /* ViewController.swift */ = {isa = PBXFileReference; lastKnownFileType = sourcecode.swift; path = ViewController.swift; sourceTree = "<group>"; };
		B76ABA921D99969100A6D951 /* Base */ = {isa = PBXFileReference; lastKnownFileType = file.storyboard; name = Base; path = Base.lproj/Main.storyboard; sourceTree = "<group>"; };
		B76ABA941D99969100A6D951 /* Assets.xcassets */ = {isa = PBXFileReference; lastKnownFileType = folder.assetcatalog; path = Assets.xcassets; sourceTree = "<group>"; };
		B76ABA971D99969100A6D951 /* Base */ = {isa = PBXFileReference; lastKnownFileType = file.storyboard; name = Base; path = Base.lproj/LaunchScreen.storyboard; sourceTree = "<group>"; };
		B76ABA991D99969100A6D951 /* Info.plist */ = {isa = PBXFileReference; lastKnownFileType = text.plist.xml; path = Info.plist; sourceTree = "<group>"; };
		B76ABA9E1D99969100A6D951 /* FirstAppTests.xctest */ = {isa = PBXFileReference; explicitFileType = wrapper.cfbundle; includeInIndex = 0; path = FirstAppTests.xctest; sourceTree = BUILT_PRODUCTS_DIR; };
		B76ABAA21D99969100A6D951 /* FirstAppTests.swift */ = {isa = PBXFileReference; lastKnownFileType = sourcecode.swift; path = FirstAppTests.swift; sourceTree = "<group>"; };
		B76ABAA41D99969100A6D951 /* Info.plist */ = {isa = PBXFileReference; lastKnownFileType = text.plist.xml; path = Info.plist; sourceTree = "<group>"; };
		B76ABAA91D99969100A6D951 /* FirstAppUITests.xctest */ = {isa = PBXFileReference; explicitFileType = wrapper.cfbundle; includeInIndex = 0; path = FirstAppUITests.xctest; sourceTree = BUILT_PRODUCTS_DIR; };
		B76ABAAD1D99969100A6D951 /* FirstAppUITests.swift */ = {isa = PBXFileReference; lastKnownFileType = sourcecode.swift; path = FirstAppUITests.swift; sourceTree = "<group>"; };
		B76ABAAF1D99969100A6D951 /* Info.plist */ = {isa = PBXFileReference; lastKnownFileType = text.plist.xml; path = Info.plist; sourceTree = "<group>"; };
/* End PBXFileReference section */

/* Begin PBXFrameworksBuildPhase section */
		B76ABA871D99969100A6D951 /* Frameworks */ = {
			isa = PBXFrameworksBuildPhase;
			buildActionMask = 2147483647;
			files = (
			);
			runOnlyForDeploymentPostprocessing = 0;
		};
		B76ABA9B1D99969100A6D951 /* Frameworks */ = {
			isa = PBXFrameworksBuildPhase;
			buildActionMask = 2147483647;
			files = (
			);
			runOnlyForDeploymentPostprocessing = 0;
		};
		B76ABAA61D99969100A6D951 /* Frameworks */ = {
			isa = PBXFrameworksBuildPhase;
			buildActionMask = 2147483647;
			files = (
			);
			runOnlyForDeploymentPostprocessing = 0;
		};
/* End PBXFrameworksBuildPhase section */

/* Begin PBXGroup section */
		B76ABA811D99969100A6D951 = {
			isa = PBXGroup;
			children = (
				B76ABA8C1D99969100A6D951 /* FirstApp */,
				B76ABAA11D99969100A6D951 /* FirstAppTests */,
				B76ABAAC1D99969100A6D951 /* FirstAppUITests */,
				B76ABA8B1D99969100A6D951 /* Products */,
			);
			sourceTree = "<group>";
		};
		B76ABA8B1D99969100A6D951 /* Products */ = {
			isa = PBXGroup;
			children = (
				B76ABA8A1D99969100A6D951 /* FirstApp.app */,
				B76ABA9E1D99969100A6D951 /* FirstAppTests.xctest */,
				B76ABAA91D99969100A6D951 /* FirstAppUITests.xctest */,
			);
			name = Products;
			sourceTree = "<group>";
		};
		B76ABA8C1D99969100A6D951 /* FirstApp */ = {
			isa = PBXGroup;
			children = (
				B76ABA8D1D99969100A6D951 /* AppDelegate.swift */,
				B76ABA8F1D99969100A6D951 /* ViewController.swift */,
				B76ABA911D99969100A6D951 /* Main.storyboard */,
				B76ABA941D99969100A6D951 /* Assets.xcassets */,
				B76ABA961D99969100A6D951 /* LaunchScreen.storyboard */,
				B76ABA991D99969100A6D951 /* Info.plist */,
			);
			path = FirstApp;
			sourceTree = "<group>";
		};
		B76ABAA11D99969100A6D951 /* FirstAppTests */ = {
			isa = PBXGroup;
			children = (
				B76ABAA21D99969100A6D951 /* FirstAppTests.swift */,
				B76ABAA41D99969100A6D951 /* Info.plist */,
			);
			path = FirstAppTests;
			sourceTree = "<group>";
		};
		B76ABAAC1D99969100A6D951 /* FirstAppUITests */ = {
			isa = PBXGroup;
			children = (
				B76ABAAD1D99969100A6D951 /* FirstAppUITests.swift */,
				B76ABAAF1D99969100A6D951 /* Info.plist */,
			);
			path = FirstAppUITests;
			sourceTree = "<group>";
		};
/* End PBXGroup section */

/* Begin PBXNativeTarget section */
		B76ABA891D99969100A6D951 /* FirstApp */ = {
			isa = PBXNativeTarget;
			buildConfigurationList = B76ABAB21D99969100A6D951 /* Build configuration list for PBXNativeTarget "FirstApp" */;
			buildPhases = (
				B76ABA861D99969100A6D951 /* Sources */,
				B76ABA871D99969100A6D951 /* Frameworks */,
				B76ABA881D99969100A6D951 /* Resources */,
			);
			buildRules = (
			);
			dependencies = (
			);
			name = FirstApp;
			productName = FirstApp;
			productReference = B76ABA8A1D99969100A6D951 /* FirstApp.app */;
			productType = "com.apple.product-type.application";
		};
		B76ABA9D1D99969100A6D951 /* FirstAppTests */ = {
			isa = PBXNativeTarget;
			buildConfigurationList = B76ABAB51D99969100A6D951 /* Build configuration list for PBXNativeTarget "FirstAppTests" */;
			buildPhases = (
				B76ABA9A1D99969100A6D951 /* Sources */,
				B76ABA9B1D99969100A6D951 /* Frameworks */,
				B76ABA9C1D99969100A6D951 /* Resources */,
			);
			buildRules = (
			);
			dependencies = (
				B76ABAA01D99969100A6D951 /* PBXTargetDependency */,
			);
			name = FirstAppTests;
			productName = FirstAppTests;
			productReference = B76ABA9E1D99969100A6D951 /* FirstAppTests.xctest */;
			productType = "com.apple.product-type.bundle.unit-test";
		};
		B76ABAA81D99969100A6D951 /* FirstAppUITests */ = {
			isa = PBXNativeTarget;
			buildConfigurationList = B76ABAB81D99969100A6D951 /* Build configuration list for PBXNativeTarget "FirstAppUITests" */;
			buildPhases = (
				B76ABAA51D99969100A6D951 /* Sources */,
				B76ABAA61D99969100A6D951 /* Frameworks */,
				B76ABAA71D99969100A6D951 /* Resources */,
			);
			buildRules = (
			);
			dependencies = (
				B76ABAAB1D99969100A6D951 /* PBXTargetDependency */,
			);
			name = FirstAppUITests;
			productName = FirstAppUITests;
			productReference = B76ABAA91D99969100A6D951 /* FirstAppUITests.xctest */;
			productType = "com.apple.product-type.bundle.ui-testing";
		};
/* End PBXNativeTarget section */

/* Begin PBXProject section */
		B76ABA821D99969100A6D951 /* Project object */ = {
			isa = PBXProject;
			attributes = {
				LastSwiftUpdateCheck = 0720;
				LastUpgradeCheck = 0720;
				ORGANIZATIONNAME = "Carter, Jackson";
				TargetAttributes = {
					B76ABA891D99969100A6D951 = {
						CreatedOnToolsVersion = 7.2;
					};
					B76ABA9D1D99969100A6D951 = {
						CreatedOnToolsVersion = 7.2;
						TestTargetID = B76ABA891D99969100A6D951;
					};
					B76ABAA81D99969100A6D951 = {
						CreatedOnToolsVersion = 7.2;
						TestTargetID = B76ABA891D99969100A6D951;
					};
				};
			};
			buildConfigurationList = B76ABA851D99969100A6D951 /* Build configuration list for PBXProject "FirstApp" */;
			compatibilityVersion = "Xcode 3.2";
			developmentRegion = English;
			hasScannedForEncodings = 0;
			knownRegions = (
				en,
				Base,
			);
			mainGroup = B76ABA811D99969100A6D951;
			productRefGroup = B76ABA8B1D99969100A6D951 /* Products */;
			projectDirPath = "";
			projectRoot = "";
			targets = (
				B76ABA891D99969100A6D951 /* FirstApp */,
				B76ABA9D1D99969100A6D951 /* FirstAppTests */,
				B76ABAA81D99969100A6D951 /* FirstAppUITests */,
			);
		};
/* End PBXProject section */

/* Begin PBXResourcesBuildPhase section */
		B76ABA881D99969100A6D951 /* Resources */ = {
			isa = PBXResourcesBuildPhase;
			buildActionMask = 2147483647;
			files = (
				B76ABA981D99969100A6D951 /* LaunchScreen.storyboard in Resources */,
				B76ABA951D99969100A6D951 /* Assets.xcassets in Resources */,
				B76ABA931D99969100A6D951 /* Main.storyboard in Resources */,
			);
			runOnlyForDeploymentPostprocessing = 0;
		};
		B76ABA9C1D99969100A6D951 /* Resources */ = {
			isa = PBXResourcesBuildPhase;
			buildActionMask = 2147483647;
			files = (
			);
			runOnlyForDeploymentPostprocessing = 0;
		};
		B76ABAA71D99969100A6D951 /* Resources */ = {
			isa = PBXResourcesBuildPhase;
			buildActionMask = 2147483647;
			files = (
			);
			runOnlyForDeploymentPostprocessing = 0;
		};
/* End PBXResourcesBuildPhase section */

/* Begin PBXSourcesBuildPhase section */
		B76ABA861D99969100A6D951 /* Sources */ = {
			isa = PBXSourcesBuildPhase;
			buildActionMask = 2147483647;
			files = (
				B76ABA901D99969100A6D951 /* ViewController.swift in Sources */,
				B76ABA8E1D99969100A6D951 /* AppDelegate.swift in Sources */,
			);
			runOnlyForDeploymentPostprocessing = 0;
		};
		B76ABA9A1D99969100A6D951 /* Sources */ = {
			isa = PBXSourcesBuildPhase;
			buildActionMask = 2147483647;
			files = (
				B76ABAA31D99969100A6D951 /* FirstAppTests.swift in Sources */,
			);
			runOnlyForDeploymentPostprocessing = 0;
		};
		B76ABAA51D99969100A6D951 /* Sources */ = {
			isa = PBXSourcesBuildPhase;
			buildActionMask = 2147483647;
			files = (
				B76ABAAE1D99969100A6D951 /* FirstAppUITests.swift in Sources */,
			);
			runOnlyForDeploymentPostprocessing = 0;
		};
/* End PBXSourcesBuildPhase section */

/* Begin PBXTargetDependency section */
		B76ABAA01D99969100A6D951 /* PBXTargetDependency */ = {
			isa = PBXTargetDependency;
			target = B76ABA891D99969100A6D951 /* FirstApp */;
			targetProxy = B76ABA9F1D99969100A6D951 /* PBXContainerItemProxy */;
		};
		B76ABAAB1D99969100A6D951 /* PBXTargetDependency */ = {
			isa = PBXTargetDependency;
			target = B76ABA891D99969100A6D951 /* FirstApp */;
			targetProxy = B76ABAAA1D99969100A6D951 /* PBXContainerItemProxy */;
		};
/* End PBXTargetDependency section */

/* Begin PBXVariantGroup section */
		B76ABA911D99969100A6D951 /* Main.storyboard */ = {
			isa = PBXVariantGroup;
			children = (
				B76ABA921D99969100A6D951 /* Base */,
			);
			name = Main.storyboard;
			sourceTree = "<group>";
		};
		B76ABA961D99969100A6D951 /* LaunchScreen.storyboard */ = {
			isa = PBXVariantGroup;
			children = (
				B76ABA971D99969100A6D951 /* Base */,
			);
			name = LaunchScreen.storyboard;
			sourceTree = "<group>";
		};
/* End PBXVariantGroup section */

/* Begin XCBuildConfiguration section */
		B76ABAB01D99969100A6D951 /* Debug */ = {
			isa = XCBuildConfiguration;
			buildSettings = {
				ALWAYS_SEARCH_USER_PATHS = NO;
				CLANG_CXX_LANGUAGE_STANDARD = "gnu++0x";
				CLANG_CXX_LIBRARY = "libc++";
				CLANG_ENABLE_MODULES = YES;
				CLANG_ENABLE_OBJC_ARC = YES;
				CLANG_WARN_BOOL_CONVERSION = YES;
				CLANG_WARN_CONSTANT_CONVERSION = YES;
				CLANG_WARN_DIRECT_OBJC_ISA_USAGE = YES_ERROR;
				CLANG_WARN_EMPTY_BODY = YES;
				CLANG_WARN_ENUM_CONVERSION = YES;
				CLANG_WARN_INT_CONVERSION = YES;
				CLANG_WARN_OBJC_ROOT_CLASS = YES_ERROR;
				CLANG_WARN_UNREACHABLE_CODE = YES;
				CLANG_WARN__DUPLICATE_METHOD_MATCH = YES;
				"CODE_SIGN_IDENTITY[sdk=iphoneos*]" = "iPhone Developer";
				COPY_PHASE_STRIP = NO;
				DEBUG_INFORMATION_FORMAT = dwarf;
				ENABLE_STRICT_OBJC_MSGSEND = YES;
				ENABLE_TESTABILITY = YES;
				GCC_C_LANGUAGE_STANDARD = gnu99;
				GCC_DYNAMIC_NO_PIC = NO;
				GCC_NO_COMMON_BLOCKS = YES;
				GCC_OPTIMIZATION_LEVEL = 0;
				GCC_PREPROCESSOR_DEFINITIONS = (
					"DEBUG=1",
					"$(inherited)",
				);
				GCC_WARN_64_TO_32_BIT_CONVERSION = YES;
				GCC_WARN_ABOUT_RETURN_TYPE = YES_ERROR;
				GCC_WARN_UNDECLARED_SELECTOR = YES;
				GCC_WARN_UNINITIALIZED_AUTOS = YES_AGGRESSIVE;
				GCC_WARN_UNUSED_FUNCTION = YES;
				GCC_WARN_UNUSED_VARIABLE = YES;
				IPHONEOS_DEPLOYMENT_TARGET = 9.2;
				MTL_ENABLE_DEBUG_INFO = YES;
				ONLY_ACTIVE_ARCH = YES;
				SDKROOT = iphoneos;
				SWIFT_OPTIMIZATION_LEVEL = "-Onone";
				TARGETED_DEVICE_FAMILY = "1,2";
			};
			name = Debug;
		};
		B76ABAB11D99969100A6D951 /* Release */ = {
			isa = XCBuildConfiguration;
			buildSettings = {
				ALWAYS_SEARCH_USER_PATHS = NO;
				CLANG_CXX_LANGUAGE_STANDARD = "gnu++0x";
				CLANG_CXX_LIBRARY = "libc++";
				CLANG_ENABLE_MODULES = YES;
				CLANG_ENABLE_OBJC_ARC = YES;
				CLANG_WARN_BOOL_CONVERSION = YES;
				CLANG_WARN_CONSTANT_CONVERSION = YES;
				CLANG_WARN_DIRECT_OBJC_ISA_USAGE = YES_ERROR;
				CLANG_WARN_EMPTY_BODY = YES;
				CLANG_WARN_ENUM_CONVERSION = YES;
				CLANG_WARN_INT_CONVERSION = YES;
				CLANG_WARN_OBJC_ROOT_CLASS = YES_ERROR;
				CLANG_WARN_UNREACHABLE_CODE = YES;
				CLANG_WARN__DUPLICATE_METHOD_MATCH = YES;
				"CODE_SIGN_IDENTITY[sdk=iphoneos*]" = "iPhone Developer";
				COPY_PHASE_STRIP = NO;
				DEBUG_INFORMATION_FORMAT = "dwarf-with-dsym";
				ENABLE_NS_ASSERTIONS = NO;
				ENABLE_STRICT_OBJC_MSGSEND = YES;
				GCC_C_LANGUAGE_STANDARD = gnu99;
				GCC_NO_COMMON_BLOCKS = YES;
				GCC_WARN_64_TO_32_BIT_CONVERSION = YES;
				GCC_WARN_ABOUT_RETURN_TYPE = YES_ERROR;
				GCC_WARN_UNDECLARED_SELECTOR = YES;
				GCC_WARN_UNINITIALIZED_AUTOS = YES_AGGRESSIVE;
				GCC_WARN_UNUSED_FUNCTION = YES;
				GCC_WARN_UNUSED_VARIABLE = YES;
				IPHONEOS_DEPLOYMENT_TARGET = 9.2;
				MTL_ENABLE_DEBUG_INFO = NO;
				SDKROOT = iphoneos;
				TARGETED_DEVICE_FAMILY = "1,2";
				VALIDATE_PRODUCT = YES;
			};
			name = Release;
		};
		B76ABAB31D99969100A6D951 /* Debug */ = {
			isa = XCBuildConfiguration;
			buildSettings = {
				ASSETCATALOG_COMPILER_APPICON_NAME = AppIcon;
				INFOPLIST_FILE = FirstApp/Info.plist;
				LD_RUNPATH_SEARCH_PATHS = "$(inherited) @executable_path/Frameworks";
				PRODUCT_BUNDLE_IDENTIFIER = Jackopuff.FirstApp;
				PRODUCT_NAME = "$(TARGET_NAME)";
			};
			name = Debug;
		};
		B76ABAB41D99969100A6D951 /* Release */ = {
			isa = XCBuildConfiguration;
			buildSettings = {
				ASSETCATALOG_COMPILER_APPICON_NAME = AppIcon;
				INFOPLIST_FILE = FirstApp/Info.plist;
				LD_RUNPATH_SEARCH_PATHS = "$(inherited) @executable_path/Frameworks";
				PRODUCT_BUNDLE_IDENTIFIER = Jackopuff.FirstApp;
				PRODUCT_NAME = "$(TARGET_NAME)";
			};
			name = Release;
		};
		B76ABAB61D99969100A6D951 /* Debug */ = {
			isa = XCBuildConfiguration;
			buildSettings = {
				BUNDLE_LOADER = "$(TEST_HOST)";
				INFOPLIST_FILE = FirstAppTests/Info.plist;
				LD_RUNPATH_SEARCH_PATHS = "$(inherited) @executable_path/Frameworks @loader_path/Frameworks";
				PRODUCT_BUNDLE_IDENTIFIER = Jackopuff.FirstAppTests;
				PRODUCT_NAME = "$(TARGET_NAME)";
				TEST_HOST = "$(BUILT_PRODUCTS_DIR)/FirstApp.app/FirstApp";
			};
			name = Debug;
		};
		B76ABAB71D99969100A6D951 /* Release */ = {
			isa = XCBuildConfiguration;
			buildSettings = {
				BUNDLE_LOADER = "$(TEST_HOST)";
				INFOPLIST_FILE = FirstAppTests/Info.plist;
				LD_RUNPATH_SEARCH_PATHS = "$(inherited) @executable_path/Frameworks @loader_path/Frameworks";
				PRODUCT_BUNDLE_IDENTIFIER = Jackopuff.FirstAppTests;
				PRODUCT_NAME = "$(TARGET_NAME)";
				TEST_HOST = "$(BUILT_PRODUCTS_DIR)/FirstApp.app/FirstApp";
			};
			name = Release;
		};
		B76ABAB91D99969100A6D951 /* Debug */ = {
			isa = XCBuildConfiguration;
			buildSettings = {
				INFOPLIST_FILE = FirstAppUITests/Info.plist;
				LD_RUNPATH_SEARCH_PATHS = "$(inherited) @executable_path/Frameworks @loader_path/Frameworks";
				PRODUCT_BUNDLE_IDENTIFIER = Jackopuff.FirstAppUITests;
				PRODUCT_NAME = "$(TARGET_NAME)";
				TEST_TARGET_NAME = FirstApp;
				USES_XCTRUNNER = YES;
			};
			name = Debug;
		};
		B76ABABA1D99969100A6D951 /* Release */ = {
			isa = XCBuildConfiguration;
			buildSettings = {
				INFOPLIST_FILE = FirstAppUITests/Info.plist;
				LD_RUNPATH_SEARCH_PATHS = "$(inherited) @executable_path/Frameworks @loader_path/Frameworks";
				PRODUCT_BUNDLE_IDENTIFIER = Jackopuff.FirstAppUITests;
				PRODUCT_NAME = "$(TARGET_NAME)";
				TEST_TARGET_NAME = FirstApp;
				USES_XCTRUNNER = YES;
			};
			name = Release;
		};
/* End XCBuildConfiguration section */

/* Begin XCConfigurationList section */
		B76ABA851D99969100A6D951 /* Build configuration list for PBXProject "FirstApp" */ = {
			isa = XCConfigurationList;
			buildConfigurations = (
				B76ABAB01D99969100A6D951 /* Debug */,
				B76ABAB11D99969100A6D951 /* Release */,
			);
			defaultConfigurationIsVisible = 0;
			defaultConfigurationName = Release;
		};
		B76ABAB21D99969100A6D951 /* Build configuration list for PBXNativeTarget "FirstApp" */ = {
			isa = XCConfigurationList;
			buildConfigurations = (
				B76ABAB31D99969100A6D951 /* Debug */,
				B76ABAB41D99969100A6D951 /* Release */,
			);
			defaultConfigurationIsVisible = 0;
		};
		B76ABAB51D99969100A6D951 /* Build configuration list for PBXNativeTarget "FirstAppTests" */ = {
			isa = XCConfigurationList;
			buildConfigurations = (
				B76ABAB61D99969100A6D951 /* Debug */,
				B76ABAB71D99969100A6D951 /* Release */,
			);
			defaultConfigurationIsVisible = 0;
		};
		B76ABAB81D99969100A6D951 /* Build configuration list for PBXNativeTarget "FirstAppUITests" */ = {
			isa = XCConfigurationList;
			buildConfigurations = (
				B76ABAB91D99969100A6D951 /* Debug */,
				B76ABABA1D99969100A6D951 /* Release */,
			);
			defaultConfigurationIsVisible = 0;
		};
/* End XCConfigurationList section */
	};
	rootObject = B76ABA821D99969100A6D951 /* Project object */;
}
